
Microsoft Visual Studio Solution File, Format Version 12.00
# Visual Studio Version 17
VisualStudioVersion = 17.0.31919.166
MinimumVisualStudioVersion = 10.0.40219.1
Project("{FAE04EC0-301F-11D3-BF4B-00C04F79EFBC}") = "Watchdog", "Watchdog\Watchdog.csproj", "{5A118CE2-F19C-458A-A217-1A02DBA0295D}"
EndProject
Global
	GlobalSection(SolutionConfigurationPlatforms) = preSolution
		Debug|Any CPU = Debug|Any CPU
		Release|Any CPU = Release|Any CPU
	EndGlobalSection
	GlobalSection(ProjectConfigurationPlatforms) = postSolution
		{5A118CE2-F19C-458A-A217-1A02DBA0295D}.Debug|Any CPU.ActiveCfg = Debug|Any CPU
		{5A118CE2-F19C-458A-A217-1A02DBA0295D}.Debug|Any CPU.Build.0 = Debug|Any CPU
		{5A118CE2-F19C-458A-A217-1A02DBA0295D}.Release|Any CPU.ActiveCfg = Release|Any CPU
		{5A118CE2-F19C-458A-A217-1A02DBA0295D}.Release|Any CPU.Build.0 = Release|Any CPU
	EndGlobalSection
	GlobalSection(SolutionProperties) = preSolution
		HideSolutionNode = FALSE
	EndGlobalSection
	GlobalSection(ExtensibilityGlobals) = postSolution
		SolutionGuid = {F4D60A2D-7CCF-4332-B4A7-701B98DA05DF}
	EndGlobalSection
EndGlobal
